
Microsoft Visual Studio Solution File, Format Version 12.00
# Visual Studio Version 16
VisualStudioVersion = 25.0.1706.14
MinimumVisualStudioVersion = 10.0.40219.1
Project("{FAE04EC0-301F-11D3-BF4B-00C04F79EFBC}") = "twosem", "twosem.csproj", "{55CC24B2-251E-4AA4-BF18-1FB79AAD6583}"
EndProject
Global
	GlobalSection(SolutionConfigurationPlatforms) = preSolution
		Debug|Any CPU = Debug|Any CPU
		Release|Any CPU = Release|Any CPU
	EndGlobalSection
	GlobalSection(ProjectConfigurationPlatforms) = postSolution
		{55CC24B2-251E-4AA4-BF18-1FB79AAD6583}.Debug|Any CPU.ActiveCfg = Debug|Any CPU
		{55CC24B2-251E-4AA4-BF18-1FB79AAD6583}.Debug|Any CPU.Build.0 = Debug|Any CPU
		{55CC24B2-251E-4AA4-BF18-1FB79AAD6583}.Release|Any CPU.ActiveCfg = Release|Any CPU
		{55CC24B2-251E-4AA4-BF18-1FB79AAD6583}.Release|Any CPU.Build.0 = Release|Any CPU
	EndGlobalSection
	GlobalSection(SolutionProperties) = preSolution
		HideSolutionNode = FALSE
	EndGlobalSection
	GlobalSection(ExtensibilityGlobals) = postSolution
		SolutionGuid = {FC3F475A-0FE5-4491-A701-B24B83A28D89}
	EndGlobalSection
EndGlobal
